// !$*UTF8*$!
{
	archiveVersion = 1;
	classes = {
	};
	objectVersion = 48;
	objects = {

/* Begin PBXBuildFile section */
		2F009F821FC159D40038BA44 /* AppDelegate.swift in Sources */ = {isa = PBXBuildFile; fileRef = 2F009F811FC159D40038BA44 /* AppDelegate.swift */; };
		2F009F841FC159D40038BA44 /* ViewController.swift in Sources */ = {isa = PBXBuildFile; fileRef = 2F009F831FC159D40038BA44 /* ViewController.swift */; };
		2F009F871FC159D40038BA44 /* Main.storyboard in Resources */ = {isa = PBXBuildFile; fileRef = 2F009F851FC159D40038BA44 /* Main.storyboard */; };
		2F009F8A1FC159D40038BA44 /* SwiftCameraDemo.xcdatamodeld in Sources */ = {isa = PBXBuildFile; fileRef = 2F009F881FC159D40038BA44 /* SwiftCameraDemo.xcdatamodeld */; };
		2F009F8C1FC159D40038BA44 /* Assets.xcassets in Resources */ = {isa = PBXBuildFile; fileRef = 2F009F8B1FC159D40038BA44 /* Assets.xcassets */; };
		2F009F8F1FC159D40038BA44 /* LaunchScreen.storyboard in Resources */ = {isa = PBXBuildFile; fileRef = 2F009F8D1FC159D40038BA44 /* LaunchScreen.storyboard */; };
		2F009F9A1FC159D40038BA44 /* SwiftCameraDemoTests.swift in Sources */ = {isa = PBXBuildFile; fileRef = 2F009F991FC159D40038BA44 /* SwiftCameraDemoTests.swift */; };
		2F009FA51FC159D40038BA44 /* SwiftCameraDemoUITests.swift in Sources */ = {isa = PBXBuildFile; fileRef = 2F009FA41FC159D40038BA44 /* SwiftCameraDemoUITests.swift */; };
/* End PBXBuildFile section */

/* Begin PBXContainerItemProxy section */
		2F009F961FC159D40038BA44 /* PBXContainerItemProxy */ = {
			isa = PBXContainerItemProxy;
			containerPortal = 2F009F761FC159D40038BA44 /* Project object */;
			proxyType = 1;
			remoteGlobalIDString = 2F009F7D1FC159D40038BA44;
			remoteInfo = SwiftCameraDemo;
		};
		2F009FA11FC159D40038BA44 /* PBXContainerItemProxy */ = {
			isa = PBXContainerItemProxy;
			containerPortal = 2F009F761FC159D40038BA44 /* Project object */;
			proxyType = 1;
			remoteGlobalIDString = 2F009F7D1FC159D40038BA44;
			remoteInfo = SwiftCameraDemo;
		};
/* End PBXContainerItemProxy section */

/* Begin PBXFileReference section */
		2F009F7E1FC159D40038BA44 /* SwiftCameraDemo.app */ = {isa = PBXFileReference; explicitFileType = wrapper.application; includeInIndex = 0; path = SwiftCameraDemo.app; sourceTree = BUILT_PRODUCTS_DIR; };
		2F009F811FC159D40038BA44 /* AppDelegate.swift */ = {isa = PBXFileReference; lastKnownFileType = sourcecode.swift; path = AppDelegate.swift; sourceTree = "<group>"; };
		2F009F831FC159D40038BA44 /* ViewController.swift */ = {isa = PBXFileReference; lastKnownFileType = sourcecode.swift; path = ViewController.swift; sourceTree = "<group>"; };
		2F009F861FC159D40038BA44 /* Base */ = {isa = PBXFileReference; lastKnownFileType = file.storyboard; name = Base; path = Base.lproj/Main.storyboard; sourceTree = "<group>"; };
		2F009F891FC159D40038BA44 /* SwiftCameraDemo.xcdatamodel */ = {isa = PBXFileReference; lastKnownFileType = wrapper.xcdatamodel; path = SwiftCameraDemo.xcdatamodel; sourceTree = "<group>"; };
		2F009F8B1FC159D40038BA44 /* Assets.xcassets */ = {isa = PBXFileReference; lastKnownFileType = folder.assetcatalog; path = Assets.xcassets; sourceTree = "<group>"; };
		2F009F8E1FC159D40038BA44 /* Base */ = {isa = PBXFileReference; lastKnownFileType = file.storyboard; name = Base; path = Base.lproj/LaunchScreen.storyboard; sourceTree = "<group>"; };
		2F009F901FC159D40038BA44 /* Info.plist */ = {isa = PBXFileReference; lastKnownFileType = text.plist.xml; path = Info.plist; sourceTree = "<group>"; };
		2F009F951FC159D40038BA44 /* SwiftCameraDemoTests.xctest */ = {isa = PBXFileReference; explicitFileType = wrapper.cfbundle; includeInIndex = 0; path = SwiftCameraDemoTests.xctest; sourceTree = BUILT_PRODUCTS_DIR; };
		2F009F991FC159D40038BA44 /* SwiftCameraDemoTests.swift */ = {isa = PBXFileReference; lastKnownFileType = sourcecode.swift; path = SwiftCameraDemoTests.swift; sourceTree = "<group>"; };
		2F009F9B1FC159D40038BA44 /* Info.plist */ = {isa = PBXFileReference; lastKnownFileType = text.plist.xml; path = Info.plist; sourceTree = "<group>"; };
		2F009FA01FC159D40038BA44 /* SwiftCameraDemoUITests.xctest */ = {isa = PBXFileReference; explicitFileType = wrapper.cfbundle; includeInIndex = 0; path = SwiftCameraDemoUITests.xctest; sourceTree = BUILT_PRODUCTS_DIR; };
		2F009FA41FC159D40038BA44 /* SwiftCameraDemoUITests.swift */ = {isa = PBXFileReference; lastKnownFileType = sourcecode.swift; path = SwiftCameraDemoUITests.swift; sourceTree = "<group>"; };
		2F009FA61FC159D40038BA44 /* Info.plist */ = {isa = PBXFileReference; lastKnownFileType = text.plist.xml; path = Info.plist; sourceTree = "<group>"; };
/* End PBXFileReference section */

/* Begin PBXFrameworksBuildPhase section */
		2F009F7B1FC159D40038BA44 /* Frameworks */ = {
			isa = PBXFrameworksBuildPhase;
			buildActionMask = 2147483647;
			files = (
			);
			runOnlyForDeploymentPostprocessing = 0;
		};
		2F009F921FC159D40038BA44 /* Frameworks */ = {
			isa = PBXFrameworksBuildPhase;
			buildActionMask = 2147483647;
			files = (
			);
			runOnlyForDeploymentPostprocessing = 0;
		};
		2F009F9D1FC159D40038BA44 /* Frameworks */ = {
			isa = PBXFrameworksBuildPhase;
			buildActionMask = 2147483647;
			files = (
			);
			runOnlyForDeploymentPostprocessing = 0;
		};
/* End PBXFrameworksBuildPhase section */

/* Begin PBXGroup section */
		2F009F751FC159D40038BA44 = {
			isa = PBXGroup;
			children = (
				2F009F801FC159D40038BA44 /* SwiftCameraDemo */,
				2F009F981FC159D40038BA44 /* SwiftCameraDemoTests */,
				2F009FA31FC159D40038BA44 /* SwiftCameraDemoUITests */,
				2F009F7F1FC159D40038BA44 /* Products */,
			);
			sourceTree = "<group>";
		};
		2F009F7F1FC159D40038BA44 /* Products */ = {
			isa = PBXGroup;
			children = (
				2F009F7E1FC159D40038BA44 /* SwiftCameraDemo.app */,
				2F009F951FC159D40038BA44 /* SwiftCameraDemoTests.xctest */,
				2F009FA01FC159D40038BA44 /* SwiftCameraDemoUITests.xctest */,
			);
			name = Products;
			sourceTree = "<group>";
		};
		2F009F801FC159D40038BA44 /* SwiftCameraDemo */ = {
			isa = PBXGroup;
			children = (
				2F009F811FC159D40038BA44 /* AppDelegate.swift */,
				2F009F831FC159D40038BA44 /* ViewController.swift */,
				2F009F851FC159D40038BA44 /* Main.storyboard */,
				2F009F8B1FC159D40038BA44 /* Assets.xcassets */,
				2F009F8D1FC159D40038BA44 /* LaunchScreen.storyboard */,
				2F009F901FC159D40038BA44 /* Info.plist */,
				2F009F881FC159D40038BA44 /* SwiftCameraDemo.xcdatamodeld */,
			);
			path = SwiftCameraDemo;
			sourceTree = "<group>";
		};
		2F009F981FC159D40038BA44 /* SwiftCameraDemoTests */ = {
			isa = PBXGroup;
			children = (
				2F009F991FC159D40038BA44 /* SwiftCameraDemoTests.swift */,
				2F009F9B1FC159D40038BA44 /* Info.plist */,
			);
			path = SwiftCameraDemoTests;
			sourceTree = "<group>";
		};
		2F009FA31FC159D40038BA44 /* SwiftCameraDemoUITests */ = {
			isa = PBXGroup;
			children = (
				2F009FA41FC159D40038BA44 /* SwiftCameraDemoUITests.swift */,
				2F009FA61FC159D40038BA44 /* Info.plist */,
			);
			path = SwiftCameraDemoUITests;
			sourceTree = "<group>";
		};
/* End PBXGroup section */

/* Begin PBXNativeTarget section */
		2F009F7D1FC159D40038BA44 /* SwiftCameraDemo */ = {
			isa = PBXNativeTarget;
			buildConfigurationList = 2F009FA91FC159D40038BA44 /* Build configuration list for PBXNativeTarget "SwiftCameraDemo" */;
			buildPhases = (
				2F009F7A1FC159D40038BA44 /* Sources */,
				2F009F7B1FC159D40038BA44 /* Frameworks */,
				2F009F7C1FC159D40038BA44 /* Resources */,
			);
			buildRules = (
			);
			dependencies = (
			);
			name = SwiftCameraDemo;
			productName = SwiftCameraDemo;
			productReference = 2F009F7E1FC159D40038BA44 /* SwiftCameraDemo.app */;
			productType = "com.apple.product-type.application";
		};
		2F009F941FC159D40038BA44 /* SwiftCameraDemoTests */ = {
			isa = PBXNativeTarget;
			buildConfigurationList = 2F009FAC1FC159D40038BA44 /* Build configuration list for PBXNativeTarget "SwiftCameraDemoTests" */;
			buildPhases = (
				2F009F911FC159D40038BA44 /* Sources */,
				2F009F921FC159D40038BA44 /* Frameworks */,
				2F009F931FC159D40038BA44 /* Resources */,
			);
			buildRules = (
			);
			dependencies = (
				2F009F971FC159D40038BA44 /* PBXTargetDependency */,
			);
			name = SwiftCameraDemoTests;
			productName = SwiftCameraDemoTests;
			productReference = 2F009F951FC159D40038BA44 /* SwiftCameraDemoTests.xctest */;
			productType = "com.apple.product-type.bundle.unit-test";
		};
		2F009F9F1FC159D40038BA44 /* SwiftCameraDemoUITests */ = {
			isa = PBXNativeTarget;
			buildConfigurationList = 2F009FAF1FC159D40038BA44 /* Build configuration list for PBXNativeTarget "SwiftCameraDemoUITests" */;
			buildPhases = (
				2F009F9C1FC159D40038BA44 /* Sources */,
				2F009F9D1FC159D40038BA44 /* Frameworks */,
				2F009F9E1FC159D40038BA44 /* Resources */,
			);
			buildRules = (
			);
			dependencies = (
				2F009FA21FC159D40038BA44 /* PBXTargetDependency */,
			);
			name = SwiftCameraDemoUITests;
			productName = SwiftCameraDemoUITests;
			productReference = 2F009FA01FC159D40038BA44 /* SwiftCameraDemoUITests.xctest */;
			productType = "com.apple.product-type.bundle.ui-testing";
		};
/* End PBXNativeTarget section */

/* Begin PBXProject section */
		2F009F761FC159D40038BA44 /* Project object */ = {
			isa = PBXProject;
			attributes = {
				LastSwiftUpdateCheck = 0910;
				LastUpgradeCheck = 0910;
				ORGANIZATIONNAME = "高鑫";
				TargetAttributes = {
					2F009F7D1FC159D40038BA44 = {
						CreatedOnToolsVersion = 9.1;
						ProvisioningStyle = Automatic;
					};
					2F009F941FC159D40038BA44 = {
						CreatedOnToolsVersion = 9.1;
						ProvisioningStyle = Automatic;
						TestTargetID = 2F009F7D1FC159D40038BA44;
					};
					2F009F9F1FC159D40038BA44 = {
						CreatedOnToolsVersion = 9.1;
						ProvisioningStyle = Automatic;
						TestTargetID = 2F009F7D1FC159D40038BA44;
					};
				};
			};
			buildConfigurationList = 2F009F791FC159D40038BA44 /* Build configuration list for PBXProject "SwiftCameraDemo" */;
			compatibilityVersion = "Xcode 8.0";
			developmentRegion = en;
			hasScannedForEncodings = 0;
			knownRegions = (
				en,
				Base,
			);
			mainGroup = 2F009F751FC159D40038BA44;
			productRefGroup = 2F009F7F1FC159D40038BA44 /* Products */;
			projectDirPath = "";
			projectRoot = "";
			targets = (
				2F009F7D1FC159D40038BA44 /* SwiftCameraDemo */,
				2F009F941FC159D40038BA44 /* SwiftCameraDemoTests */,
				2F009F9F1FC159D40038BA44 /* SwiftCameraDemoUITests */,
			);
		};
/* End PBXProject section */

/* Begin PBXResourcesBuildPhase section */
		2F009F7C1FC159D40038BA44 /* Resources */ = {
			isa = PBXResourcesBuildPhase;
			buildActionMask = 2147483647;
			files = (
				2F009F8F1FC159D40038BA44 /* LaunchScreen.storyboard in Resources */,
				2F009F8C1FC159D40038BA44 /* Assets.xcassets in Resources */,
				2F009F871FC159D40038BA44 /* Main.storyboard in Resources */,
			);
			runOnlyForDeploymentPostprocessing = 0;
		};
		2F009F931FC159D40038BA44 /* Resources */ = {
			isa = PBXResourcesBuildPhase;
			buildActionMask = 2147483647;
			files = (
			);
			runOnlyForDeploymentPostprocessing = 0;
		};
		2F009F9E1FC159D40038BA44 /* Resources */ = {
			isa = PBXResourcesBuildPhase;
			buildActionMask = 2147483647;
			files = (
			);
			runOnlyForDeploymentPostprocessing = 0;
		};
/* End PBXResourcesBuildPhase section */

/* Begin PBXSourcesBuildPhase section */
		2F009F7A1FC159D40038BA44 /* Sources */ = {
			isa = PBXSourcesBuildPhase;
			buildActionMask = 2147483647;
			files = (
				2F009F841FC159D40038BA44 /* ViewController.swift in Sources */,
				2F009F821FC159D40038BA44 /* AppDelegate.swift in Sources */,
				2F009F8A1FC159D40038BA44 /* SwiftCameraDemo.xcdatamodeld in Sources */,
			);
			runOnlyForDeploymentPostprocessing = 0;
		};
		2F009F911FC159D40038BA44 /* Sources */ = {
			isa = PBXSourcesBuildPhase;
			buildActionMask = 2147483647;
			files = (
				2F009F9A1FC159D40038BA44 /* SwiftCameraDemoTests.swift in Sources */,
			);
			runOnlyForDeploymentPostprocessing = 0;
		};
		2F009F9C1FC159D40038BA44 /* Sources */ = {
			isa = PBXSourcesBuildPhase;
			buildActionMask = 2147483647;
			files = (
				2F009FA51FC159D40038BA44 /* SwiftCameraDemoUITests.swift in Sources */,
			);
			runOnlyForDeploymentPostprocessing = 0;
		};
/* End PBXSourcesBuildPhase section */

/* Begin PBXTargetDependency section */
		2F009F971FC159D40038BA44 /* PBXTargetDependency */ = {
			isa = PBXTargetDependency;
			target = 2F009F7D1FC159D40038BA44 /* SwiftCameraDemo */;
			targetProxy = 2F009F961FC159D40038BA44 /* PBXContainerItemProxy */;
		};
		2F009FA21FC159D40038BA44 /* PBXTargetDependency */ = {
			isa = PBXTargetDependency;
			target = 2F009F7D1FC159D40038BA44 /* SwiftCameraDemo */;
			targetProxy = 2F009FA11FC159D40038BA44 /* PBXContainerItemProxy */;
		};
/* End PBXTargetDependency section */

/* Begin PBXVariantGroup section */
		2F009F851FC159D40038BA44 /* Main.storyboard */ = {
			isa = PBXVariantGroup;
			children = (
				2F009F861FC159D40038BA44 /* Base */,
			);
			name = Main.storyboard;
			sourceTree = "<group>";
		};
		2F009F8D1FC159D40038BA44 /* LaunchScreen.storyboard */ = {
			isa = PBXVariantGroup;
			children = (
				2F009F8E1FC159D40038BA44 /* Base */,
			);
			name = LaunchScreen.storyboard;
			sourceTree = "<group>";
		};
/* End PBXVariantGroup section */

/* Begin XCBuildConfiguration section */
		2F009FA71FC159D40038BA44 /* Debug */ = {
			isa = XCBuildConfiguration;
			buildSettings = {
				ALWAYS_SEARCH_USER_PATHS = NO;
				CLANG_ANALYZER_NONNULL = YES;
				CLANG_ANALYZER_NUMBER_OBJECT_CONVERSION = YES_AGGRESSIVE;
				CLANG_CXX_LANGUAGE_STANDARD = "gnu++14";
				CLANG_CXX_LIBRARY = "libc++";
				CLANG_ENABLE_MODULES = YES;
				CLANG_ENABLE_OBJC_ARC = YES;
				CLANG_WARN_BLOCK_CAPTURE_AUTORELEASING = YES;
				CLANG_WARN_BOOL_CONVERSION = YES;
				CLANG_WARN_COMMA = YES;
				CLANG_WARN_CONSTANT_CONVERSION = YES;
				CLANG_WARN_DIRECT_OBJC_ISA_USAGE = YES_ERROR;
				CLANG_WARN_DOCUMENTATION_COMMENTS = YES;
				CLANG_WARN_EMPTY_BODY = YES;
				CLANG_WARN_ENUM_CONVERSION = YES;
				CLANG_WARN_INFINITE_RECURSION = YES;
				CLANG_WARN_INT_CONVERSION = YES;
				CLANG_WARN_NON_LITERAL_NULL_CONVERSION = YES;
				CLANG_WARN_OBJC_LITERAL_CONVERSION = YES;
				CLANG_WARN_OBJC_ROOT_CLASS = YES_ERROR;
				CLANG_WARN_RANGE_LOOP_ANALYSIS = YES;
				CLANG_WARN_STRICT_PROTOTYPES = YES;
				CLANG_WARN_SUSPICIOUS_MOVE = YES;
				CLANG_WARN_UNGUARDED_AVAILABILITY = YES_AGGRESSIVE;
				CLANG_WARN_UNREACHABLE_CODE = YES;
				CLANG_WARN__DUPLICATE_METHOD_MATCH = YES;
				CODE_SIGN_IDENTITY = "iPhone Developer";
				COPY_PHASE_STRIP = NO;
				DEBUG_INFORMATION_FORMAT = dwarf;
				ENABLE_STRICT_OBJC_MSGSEND = YES;
				ENABLE_TESTABILITY = YES;
				GCC_C_LANGUAGE_STANDARD = gnu11;
				GCC_DYNAMIC_NO_PIC = NO;
				GCC_NO_COMMON_BLOCKS = YES;
				GCC_OPTIMIZATION_LEVEL = 0;
				GCC_PREPROCESSOR_DEFINITIONS = (
					"DEBUG=1",
					"$(inherited)",
				);
				GCC_WARN_64_TO_32_BIT_CONVERSION = YES;
				GCC_WARN_ABOUT_RETURN_TYPE = YES_ERROR;
				GCC_WARN_UNDECLARED_SELECTOR = YES;
				GCC_WARN_UNINITIALIZED_AUTOS = YES_AGGRESSIVE;
				GCC_WARN_UNUSED_FUNCTION = YES;
				GCC_WARN_UNUSED_VARIABLE = YES;
				IPHONEOS_DEPLOYMENT_TARGET = 11.1;
				MTL_ENABLE_DEBUG_INFO = YES;
				ONLY_ACTIVE_ARCH = YES;
				SDKROOT = iphoneos;
				SWIFT_ACTIVE_COMPILATION_CONDITIONS = DEBUG;
				SWIFT_OPTIMIZATION_LEVEL = "-Onone";
			};
			name = Debug;
		};
		2F009FA81FC159D40038BA44 /* Release */ = {
			isa = XCBuildConfiguration;
			buildSettings = {
				ALWAYS_SEARCH_USER_PATHS = NO;
				CLANG_ANALYZER_NONNULL = YES;
				CLANG_ANALYZER_NUMBER_OBJECT_CONVERSION = YES_AGGRESSIVE;
				CLANG_CXX_LANGUAGE_STANDARD = "gnu++14";
				CLANG_CXX_LIBRARY = "libc++";
				CLANG_ENABLE_MODULES = YES;
				CLANG_ENABLE_OBJC_ARC = YES;
				CLANG_WARN_BLOCK_CAPTURE_AUTORELEASING = YES;
				CLANG_WARN_BOOL_CONVERSION = YES;
				CLANG_WARN_COMMA = YES;
				CLANG_WARN_CONSTANT_CONVERSION = YES;
				CLANG_WARN_DIRECT_OBJC_ISA_USAGE = YES_ERROR;
				CLANG_WARN_DOCUMENTATION_COMMENTS = YES;
				CLANG_WARN_EMPTY_BODY = YES;
				CLANG_WARN_ENUM_CONVERSION = YES;
				CLANG_WARN_INFINITE_RECURSION = YES;
				CLANG_WARN_INT_CONVERSION = YES;
				CLANG_WARN_NON_LITERAL_NULL_CONVERSION = YES;
				CLANG_WARN_OBJC_LITERAL_CONVERSION = YES;
				CLANG_WARN_OBJC_ROOT_CLASS = YES_ERROR;
				CLANG_WARN_RANGE_LOOP_ANALYSIS = YES;
				CLANG_WARN_STRICT_PROTOTYPES = YES;
				CLANG_WARN_SUSPICIOUS_MOVE = YES;
				CLANG_WARN_UNGUARDED_AVAILABILITY = YES_AGGRESSIVE;
				CLANG_WARN_UNREACHABLE_CODE = YES;
				CLANG_WARN__DUPLICATE_METHOD_MATCH = YES;
				CODE_SIGN_IDENTITY = "iPhone Developer";
				COPY_PHASE_STRIP = NO;
				DEBUG_INFORMATION_FORMAT = "dwarf-with-dsym";
				ENABLE_NS_ASSERTIONS = NO;
				ENABLE_STRICT_OBJC_MSGSEND = YES;
				GCC_C_LANGUAGE_STANDARD = gnu11;
				GCC_NO_COMMON_BLOCKS = YES;
				GCC_WARN_64_TO_32_BIT_CONVERSION = YES;
				GCC_WARN_ABOUT_RETURN_TYPE = YES_ERROR;
				GCC_WARN_UNDECLARED_SELECTOR = YES;
				GCC_WARN_UNINITIALIZED_AUTOS = YES_AGGRESSIVE;
				GCC_WARN_UNUSED_FUNCTION = YES;
				GCC_WARN_UNUSED_VARIABLE = YES;
				IPHONEOS_DEPLOYMENT_TARGET = 11.1;
				MTL_ENABLE_DEBUG_INFO = NO;
				SDKROOT = iphoneos;
				SWIFT_OPTIMIZATION_LEVEL = "-Owholemodule";
				VALIDATE_PRODUCT = YES;
			};
			name = Release;
		};
		2F009FAA1FC159D40038BA44 /* Debug */ = {
			isa = XCBuildConfiguration;
			buildSettings = {
				ASSETCATALOG_COMPILER_APPICON_NAME = AppIcon;
				CODE_SIGN_STYLE = Automatic;
				DEVELOPMENT_TEAM = NU44639NV3;
				INFOPLIST_FILE = SwiftCameraDemo/Info.plist;
				LD_RUNPATH_SEARCH_PATHS = "$(inherited) @executable_path/Frameworks";
				PRODUCT_BUNDLE_IDENTIFIER = com.LicaGao.Scroll;
				PRODUCT_NAME = "$(TARGET_NAME)";
				SWIFT_VERSION = 4.0;
				TARGETED_DEVICE_FAMILY = "1,2";
			};
			name = Debug;
		};
		2F009FAB1FC159D40038BA44 /* Release */ = {
			isa = XCBuildConfiguration;
			buildSettings = {
				ASSETCATALOG_COMPILER_APPICON_NAME = AppIcon;
				CODE_SIGN_STYLE = Automatic;
				DEVELOPMENT_TEAM = NU44639NV3;
				INFOPLIST_FILE = SwiftCameraDemo/Info.plist;
				LD_RUNPATH_SEARCH_PATHS = "$(inherited) @executable_path/Frameworks";
				PRODUCT_BUNDLE_IDENTIFIER = com.LicaGao.Scroll;
				PRODUCT_NAME = "$(TARGET_NAME)";
				SWIFT_VERSION = 4.0;
				TARGETED_DEVICE_FAMILY = "1,2";
			};
			name = Release;
		};
		2F009FAD1FC159D40038BA44 /* Debug */ = {
			isa = XCBuildConfiguration;
			buildSettings = {
				ALWAYS_EMBED_SWIFT_STANDARD_LIBRARIES = YES;
				BUNDLE_LOADER = "$(TEST_HOST)";
				CODE_SIGN_STYLE = Automatic;
				DEVELOPMENT_TEAM = NU44639NV3;
				INFOPLIST_FILE = SwiftCameraDemoTests/Info.plist;
				LD_RUNPATH_SEARCH_PATHS = "$(inherited) @executable_path/Frameworks @loader_path/Frameworks";
				PRODUCT_BUNDLE_IDENTIFIER = com.LicaGao.SwiftCameraDemoTests;
				PRODUCT_NAME = "$(TARGET_NAME)";
				SWIFT_VERSION = 4.0;
				TARGETED_DEVICE_FAMILY = "1,2";
				TEST_HOST = "$(BUILT_PRODUCTS_DIR)/SwiftCameraDemo.app/SwiftCameraDemo";
			};
			name = Debug;
		};
		2F009FAE1FC159D40038BA44 /* Release */ = {
			isa = XCBuildConfiguration;
			buildSettings = {
				ALWAYS_EMBED_SWIFT_STANDARD_LIBRARIES = YES;
				BUNDLE_LOADER = "$(TEST_HOST)";
				CODE_SIGN_STYLE = Automatic;
				DEVELOPMENT_TEAM = NU44639NV3;
				INFOPLIST_FILE = SwiftCameraDemoTests/Info.plist;
				LD_RUNPATH_SEARCH_PATHS = "$(inherited) @executable_path/Frameworks @loader_path/Frameworks";
				PRODUCT_BUNDLE_IDENTIFIER = com.LicaGao.SwiftCameraDemoTests;
				PRODUCT_NAME = "$(TARGET_NAME)";
				SWIFT_VERSION = 4.0;
				TARGETED_DEVICE_FAMILY = "1,2";
				TEST_HOST = "$(BUILT_PRODUCTS_DIR)/SwiftCameraDemo.app/SwiftCameraDemo";
			};
			name = Release;
		};
		2F009FB01FC159D40038BA44 /* Debug */ = {
			isa = XCBuildConfiguration;
			buildSettings = {
				ALWAYS_EMBED_SWIFT_STANDARD_LIBRARIES = YES;
				CODE_SIGN_STYLE = Automatic;
				DEVELOPMENT_TEAM = NU44639NV3;
				INFOPLIST_FILE = SwiftCameraDemoUITests/Info.plist;
				LD_RUNPATH_SEARCH_PATHS = "$(inherited) @executable_path/Frameworks @loader_path/Frameworks";
				PRODUCT_BUNDLE_IDENTIFIER = com.LicaGao.SwiftCameraDemoUITests;
				PRODUCT_NAME = "$(TARGET_NAME)";
				SWIFT_VERSION = 4.0;
				TARGETED_DEVICE_FAMILY = "1,2";
				TEST_TARGET_NAME = SwiftCameraDemo;
			};
			name = Debug;
		};
		2F009FB11FC159D40038BA44 /* Release */ = {
			isa = XCBuildConfiguration;
			buildSettings = {
				ALWAYS_EMBED_SWIFT_STANDARD_LIBRARIES = YES;
				CODE_SIGN_STYLE = Automatic;
				DEVELOPMENT_TEAM = NU44639NV3;
				INFOPLIST_FILE = SwiftCameraDemoUITests/Info.plist;
				LD_RUNPATH_SEARCH_PATHS = "$(inherited) @executable_path/Frameworks @loader_path/Frameworks";
				PRODUCT_BUNDLE_IDENTIFIER = com.LicaGao.SwiftCameraDemoUITests;
				PRODUCT_NAME = "$(TARGET_NAME)";
				SWIFT_VERSION = 4.0;
				TARGETED_DEVICE_FAMILY = "1,2";
				TEST_TARGET_NAME = SwiftCameraDemo;
			};
			name = Release;
		};
/* End XCBuildConfiguration section */

/* Begin XCConfigurationList section */
		2F009F791FC159D40038BA44 /* Build configuration list for PBXProject "SwiftCameraDemo" */ = {
			isa = XCConfigurationList;
			buildConfigurations = (
				2F009FA71FC159D40038BA44 /* Debug */,
				2F009FA81FC159D40038BA44 /* Release */,
			);
			defaultConfigurationIsVisible = 0;
			defaultConfigurationName = Release;
		};
		2F009FA91FC159D40038BA44 /* Build configuration list for PBXNativeTarget "SwiftCameraDemo" */ = {
			isa = XCConfigurationList;
			buildConfigurations = (
				2F009FAA1FC159D40038BA44 /* Debug */,
				2F009FAB1FC159D40038BA44 /* Release */,
			);
			defaultConfigurationIsVisible = 0;
			defaultConfigurationName = Release;
		};
		2F009FAC1FC159D40038BA44 /* Build configuration list for PBXNativeTarget "SwiftCameraDemoTests" */ = {
			isa = XCConfigurationList;
			buildConfigurations = (
				2F009FAD1FC159D40038BA44 /* Debug */,
				2F009FAE1FC159D40038BA44 /* Release */,
			);
			defaultConfigurationIsVisible = 0;
			defaultConfigurationName = Release;
		};
		2F009FAF1FC159D40038BA44 /* Build configuration list for PBXNativeTarget "SwiftCameraDemoUITests" */ = {
			isa = XCConfigurationList;
			buildConfigurations = (
				2F009FB01FC159D40038BA44 /* Debug */,
				2F009FB11FC159D40038BA44 /* Release */,
			);
			defaultConfigurationIsVisible = 0;
			defaultConfigurationName = Release;
		};
/* End XCConfigurationList section */

/* Begin XCVersionGroup section */
		2F009F881FC159D40038BA44 /* SwiftCameraDemo.xcdatamodeld */ = {
			isa = XCVersionGroup;
			children = (
				2F009F891FC159D40038BA44 /* SwiftCameraDemo.xcdatamodel */,
			);
			currentVersion = 2F009F891FC159D40038BA44 /* SwiftCameraDemo.xcdatamodel */;
			path = SwiftCameraDemo.xcdatamodeld;
			sourceTree = "<group>";
			versionGroupType = wrapper.xcdatamodel;
		};
/* End XCVersionGroup section */
	};
	rootObject = 2F009F761FC159D40038BA44 /* Project object */;
}
